// !$*UTF8*$!
{
	archiveVersion = 1;
	classes = {
	};
	objectVersion = 46;
	objects = {

/* Begin PBXBuildFile section */
		D57706761BBAD4AF00C46F70 /* iOS_MS___Tests.m in Sources */ = {isa = PBXBuildFile; fileRef = D57706751BBAD4AF00C46F70 /* iOS_MS___Tests.m */; };
		D5E48AEF1BC223BC00C2400C /* Images.xcassets in Resources */ = {isa = PBXBuildFile; fileRef = D5E48ADD1BC223BC00C2400C /* Images.xcassets */; };
		D5E48AF01BC223BC00C2400C /* Info.plist in Resources */ = {isa = PBXBuildFile; fileRef = D5E48ADE1BC223BC00C2400C /* Info.plist */; };
		D5E48AF11BC223BC00C2400C /* Main.storyboard in Resources */ = {isa = PBXBuildFile; fileRef = D5E48ADF1BC223BC00C2400C /* Main.storyboard */; };
		D5E48AF21BC223BC00C2400C /* MSWaterflowView.m in Sources */ = {isa = PBXBuildFile; fileRef = D5E48AE21BC223BC00C2400C /* MSWaterflowView.m */; };
		D5E48AF31BC223BC00C2400C /* MSWaterflowViewCell.m in Sources */ = {isa = PBXBuildFile; fileRef = D5E48AE41BC223BC00C2400C /* MSWaterflowViewCell.m */; };
		D5E48AF41BC223BC00C2400C /* AppDelegate.m in Sources */ = {isa = PBXBuildFile; fileRef = D5E48AE71BC223BC00C2400C /* AppDelegate.m */; };
		D5E48AF51BC223BC00C2400C /* UIView+Extension.m in Sources */ = {isa = PBXBuildFile; fileRef = D5E48AEA1BC223BC00C2400C /* UIView+Extension.m */; };
		D5E48AF61BC223BC00C2400C /* main.m in Sources */ = {isa = PBXBuildFile; fileRef = D5E48AEB1BC223BC00C2400C /* main.m */; };
		D5E48AF71BC223BC00C2400C /* ViewController.m in Sources */ = {isa = PBXBuildFile; fileRef = D5E48AED1BC223BC00C2400C /* ViewController.m */; };
/* End PBXBuildFile section */

/* Begin PBXContainerItemProxy section */
		D57706701BBAD4AF00C46F70 /* PBXContainerItemProxy */ = {
			isa = PBXContainerItemProxy;
			containerPortal = D577064E1BBAD4AF00C46F70 /* Project object */;
			proxyType = 1;
			remoteGlobalIDString = D57706551BBAD4AF00C46F70;
			remoteInfo = "iOS-MS瀑布流";
		};
/* End PBXContainerItemProxy section */

/* Begin PBXFileReference section */
		D57706561BBAD4AF00C46F70 /* iOS-MS瀑布流.app */ = {isa = PBXFileReference; explicitFileType = wrapper.application; includeInIndex = 0; path = "iOS-MS瀑布流.app"; sourceTree = BUILT_PRODUCTS_DIR; };
		D577066F1BBAD4AF00C46F70 /* iOS-MS瀑布流Tests.xctest */ = {isa = PBXFileReference; explicitFileType = wrapper.cfbundle; includeInIndex = 0; path = "iOS-MS瀑布流Tests.xctest"; sourceTree = BUILT_PRODUCTS_DIR; };
		D57706741BBAD4AF00C46F70 /* Info.plist */ = {isa = PBXFileReference; lastKnownFileType = text.plist.xml; path = Info.plist; sourceTree = "<group>"; };
		D57706751BBAD4AF00C46F70 /* iOS_MS___Tests.m */ = {isa = PBXFileReference; lastKnownFileType = sourcecode.c.objc; path = "iOS_MS___Tests.m"; sourceTree = "<group>"; };
		D5E48ADD1BC223BC00C2400C /* Images.xcassets */ = {isa = PBXFileReference; lastKnownFileType = folder.assetcatalog; path = Images.xcassets; sourceTree = "<group>"; };
		D5E48ADE1BC223BC00C2400C /* Info.plist */ = {isa = PBXFileReference; fileEncoding = 4; lastKnownFileType = text.plist.xml; path = Info.plist; sourceTree = "<group>"; };
		D5E48ADF1BC223BC00C2400C /* Main.storyboard */ = {isa = PBXFileReference; fileEncoding = 4; lastKnownFileType = file.storyboard; path = Main.storyboard; sourceTree = "<group>"; };
		D5E48AE11BC223BC00C2400C /* MSWaterflowView.h */ = {isa = PBXFileReference; fileEncoding = 4; lastKnownFileType = sourcecode.c.h; path = MSWaterflowView.h; sourceTree = "<group>"; };
		D5E48AE21BC223BC00C2400C /* MSWaterflowView.m */ = {isa = PBXFileReference; fileEncoding = 4; lastKnownFileType = sourcecode.c.objc; path = MSWaterflowView.m; sourceTree = "<group>"; };
		D5E48AE31BC223BC00C2400C /* MSWaterflowViewCell.h */ = {isa = PBXFileReference; fileEncoding = 4; lastKnownFileType = sourcecode.c.h; path = MSWaterflowViewCell.h; sourceTree = "<group>"; };
		D5E48AE41BC223BC00C2400C /* MSWaterflowViewCell.m */ = {isa = PBXFileReference; fileEncoding = 4; lastKnownFileType = sourcecode.c.objc; path = MSWaterflowViewCell.m; sourceTree = "<group>"; };
		D5E48AE61BC223BC00C2400C /* AppDelegate.h */ = {isa = PBXFileReference; fileEncoding = 4; lastKnownFileType = sourcecode.c.h; path = AppDelegate.h; sourceTree = "<group>"; };
		D5E48AE71BC223BC00C2400C /* AppDelegate.m */ = {isa = PBXFileReference; fileEncoding = 4; lastKnownFileType = sourcecode.c.objc; path = AppDelegate.m; sourceTree = "<group>"; };
		D5E48AE91BC223BC00C2400C /* UIView+Extension.h */ = {isa = PBXFileReference; fileEncoding = 4; lastKnownFileType = sourcecode.c.h; path = "UIView+Extension.h"; sourceTree = "<group>"; };
		D5E48AEA1BC223BC00C2400C /* UIView+Extension.m */ = {isa = PBXFileReference; fileEncoding = 4; lastKnownFileType = sourcecode.c.objc; path = "UIView+Extension.m"; sourceTree = "<group>"; };
		D5E48AEB1BC223BC00C2400C /* main.m */ = {isa = PBXFileReference; fileEncoding = 4; lastKnownFileType = sourcecode.c.objc; path = main.m; sourceTree = "<group>"; };
		D5E48AEC1BC223BC00C2400C /* ViewController.h */ = {isa = PBXFileReference; fileEncoding = 4; lastKnownFileType = sourcecode.c.h; path = ViewController.h; sourceTree = "<group>"; };
		D5E48AED1BC223BC00C2400C /* ViewController.m */ = {isa = PBXFileReference; fileEncoding = 4; lastKnownFileType = sourcecode.c.objc; path = ViewController.m; sourceTree = "<group>"; };
		D5E48AF91BC224D400C2400C /* 瀑布流-Prefix.pch */ = {isa = PBXFileReference; fileEncoding = 4; lastKnownFileType = sourcecode.c.h; path = "瀑布流-Prefix.pch"; sourceTree = "<group>"; };
/* End PBXFileReference section */

/* Begin PBXFrameworksBuildPhase section */
		D57706531BBAD4AF00C46F70 /* Frameworks */ = {
			isa = PBXFrameworksBuildPhase;
			buildActionMask = 2147483647;
			files = (
			);
			runOnlyForDeploymentPostprocessing = 0;
		};
		D577066C1BBAD4AF00C46F70 /* Frameworks */ = {
			isa = PBXFrameworksBuildPhase;
			buildActionMask = 2147483647;
			files = (
			);
			runOnlyForDeploymentPostprocessing = 0;
		};
/* End PBXFrameworksBuildPhase section */

/* Begin PBXGroup section */
		D577064D1BBAD4AF00C46F70 = {
			isa = PBXGroup;
			children = (
				D5E48ADC1BC223BC00C2400C /* iOS-MS瀑布流 */,
				D57706721BBAD4AF00C46F70 /* iOS-MS瀑布流Tests */,
				D57706571BBAD4AF00C46F70 /* Products */,
			);
			sourceTree = "<group>";
		};
		D57706571BBAD4AF00C46F70 /* Products */ = {
			isa = PBXGroup;
			children = (
				D57706561BBAD4AF00C46F70 /* iOS-MS瀑布流.app */,
				D577066F1BBAD4AF00C46F70 /* iOS-MS瀑布流Tests.xctest */,
			);
			name = Products;
			sourceTree = "<group>";
		};
		D57706721BBAD4AF00C46F70 /* iOS-MS瀑布流Tests */ = {
			isa = PBXGroup;
			children = (
				D57706751BBAD4AF00C46F70 /* iOS_MS___Tests.m */,
				D57706731BBAD4AF00C46F70 /* Supporting Files */,
			);
			path = "iOS-MS瀑布流Tests";
			sourceTree = "<group>";
		};
		D57706731BBAD4AF00C46F70 /* Supporting Files */ = {
			isa = PBXGroup;
			children = (
				D57706741BBAD4AF00C46F70 /* Info.plist */,
			);
			name = "Supporting Files";
			sourceTree = "<group>";
		};
		D5E48ADC1BC223BC00C2400C /* iOS-MS瀑布流 */ = {
			isa = PBXGroup;
			children = (
				D5E48AE51BC223BC00C2400C /* WaterflowDemo */,
				D5E48AE01BC223BC00C2400C /* MSWaterflow */,
				D5E48AF81BC2243300C2400C /* Supporting Files */,
			);
			path = "iOS-MS瀑布流";
			sourceTree = "<group>";
		};
		D5E48AE01BC223BC00C2400C /* MSWaterflow */ = {
			isa = PBXGroup;
			children = (
				D5E48AE11BC223BC00C2400C /* MSWaterflowView.h */,
				D5E48AE21BC223BC00C2400C /* MSWaterflowView.m */,
				D5E48AE31BC223BC00C2400C /* MSWaterflowViewCell.h */,
				D5E48AE41BC223BC00C2400C /* MSWaterflowViewCell.m */,
			);
			path = MSWaterflow;
			sourceTree = "<group>";
		};
		D5E48AE51BC223BC00C2400C /* WaterflowDemo */ = {
			isa = PBXGroup;
			children = (
				D5E48AE61BC223BC00C2400C /* AppDelegate.h */,
				D5E48AE71BC223BC00C2400C /* AppDelegate.m */,
				D5E48AE81BC223BC00C2400C /* Category */,
				D5E48AEB1BC223BC00C2400C /* main.m */,
				D5E48AEC1BC223BC00C2400C /* ViewController.h */,
				D5E48AED1BC223BC00C2400C /* ViewController.m */,
			);
			path = WaterflowDemo;
			sourceTree = "<group>";
		};
		D5E48AE81BC223BC00C2400C /* Category */ = {
			isa = PBXGroup;
			children = (
				D5E48AE91BC223BC00C2400C /* UIView+Extension.h */,
				D5E48AEA1BC223BC00C2400C /* UIView+Extension.m */,
			);
			path = Category;
			sourceTree = "<group>";
		};
		D5E48AF81BC2243300C2400C /* Supporting Files */ = {
			isa = PBXGroup;
			children = (
				D5E48AF91BC224D400C2400C /* 瀑布流-Prefix.pch */,
				D5E48ADD1BC223BC00C2400C /* Images.xcassets */,
				D5E48ADE1BC223BC00C2400C /* Info.plist */,
				D5E48ADF1BC223BC00C2400C /* Main.storyboard */,
			);
			name = "Supporting Files";
			sourceTree = "<group>";
		};
/* End PBXGroup section */

/* Begin PBXNativeTarget section */
		D57706551BBAD4AF00C46F70 /* iOS-MS瀑布流 */ = {
			isa = PBXNativeTarget;
			buildConfigurationList = D57706791BBAD4AF00C46F70 /* Build configuration list for PBXNativeTarget "iOS-MS瀑布流" */;
			buildPhases = (
				D57706521BBAD4AF00C46F70 /* Sources */,
				D57706531BBAD4AF00C46F70 /* Frameworks */,
				D57706541BBAD4AF00C46F70 /* Resources */,
			);
			buildRules = (
			);
			dependencies = (
			);
			name = "iOS-MS瀑布流";
			productName = "iOS-MS瀑布流";
			productReference = D57706561BBAD4AF00C46F70 /* iOS-MS瀑布流.app */;
			productType = "com.apple.product-type.application";
		};
		D577066E1BBAD4AF00C46F70 /* iOS-MS瀑布流Tests */ = {
			isa = PBXNativeTarget;
			buildConfigurationList = D577067C1BBAD4AF00C46F70 /* Build configuration list for PBXNativeTarget "iOS-MS瀑布流Tests" */;
			buildPhases = (
				D577066B1BBAD4AF00C46F70 /* Sources */,
				D577066C1BBAD4AF00C46F70 /* Frameworks */,
				D577066D1BBAD4AF00C46F70 /* Resources */,
			);
			buildRules = (
			);
			dependencies = (
				D57706711BBAD4AF00C46F70 /* PBXTargetDependency */,
			);
			name = "iOS-MS瀑布流Tests";
			productName = "iOS-MS瀑布流Tests";
			productReference = D577066F1BBAD4AF00C46F70 /* iOS-MS瀑布流Tests.xctest */;
			productType = "com.apple.product-type.bundle.unit-test";
		};
/* End PBXNativeTarget section */

/* Begin PBXProject section */
		D577064E1BBAD4AF00C46F70 /* Project object */ = {
			isa = PBXProject;
			attributes = {
				LastUpgradeCheck = 0630;
				ORGANIZATIONNAME = czy;
				TargetAttributes = {
					D57706551BBAD4AF00C46F70 = {
						CreatedOnToolsVersion = 6.3.2;
					};
					D577066E1BBAD4AF00C46F70 = {
						CreatedOnToolsVersion = 6.3.2;
						TestTargetID = D57706551BBAD4AF00C46F70;
					};
				};
			};
			buildConfigurationList = D57706511BBAD4AF00C46F70 /* Build configuration list for PBXProject "iOS-MS瀑布流" */;
			compatibilityVersion = "Xcode 3.2";
			developmentRegion = English;
			hasScannedForEncodings = 0;
			knownRegions = (
				en,
				Base,
			);
			mainGroup = D577064D1BBAD4AF00C46F70;
			productRefGroup = D57706571BBAD4AF00C46F70 /* Products */;
			projectDirPath = "";
			projectRoot = "";
			targets = (
				D57706551BBAD4AF00C46F70 /* iOS-MS瀑布流 */,
				D577066E1BBAD4AF00C46F70 /* iOS-MS瀑布流Tests */,
			);
		};
/* End PBXProject section */

/* Begin PBXResourcesBuildPhase section */
		D57706541BBAD4AF00C46F70 /* Resources */ = {
			isa = PBXResourcesBuildPhase;
			buildActionMask = 2147483647;
			files = (
				D5E48AF11BC223BC00C2400C /* Main.storyboard in Resources */,
				D5E48AF01BC223BC00C2400C /* Info.plist in Resources */,
				D5E48AEF1BC223BC00C2400C /* Images.xcassets in Resources */,
			);
			runOnlyForDeploymentPostprocessing = 0;
		};
		D577066D1BBAD4AF00C46F70 /* Resources */ = {
			isa = PBXResourcesBuildPhase;
			buildActionMask = 2147483647;
			files = (
			);
			runOnlyForDeploymentPostprocessing = 0;
		};
/* End PBXResourcesBuildPhase section */

/* Begin PBXSourcesBuildPhase section */
		D57706521BBAD4AF00C46F70 /* Sources */ = {
			isa = PBXSourcesBuildPhase;
			buildActionMask = 2147483647;
			files = (
				D5E48AF71BC223BC00C2400C /* ViewController.m in Sources */,
				D5E48AF61BC223BC00C2400C /* main.m in Sources */,
				D5E48AF31BC223BC00C2400C /* MSWaterflowViewCell.m in Sources */,
				D5E48AF21BC223BC00C2400C /* MSWaterflowView.m in Sources */,
				D5E48AF51BC223BC00C2400C /* UIView+Extension.m in Sources */,
				D5E48AF41BC223BC00C2400C /* AppDelegate.m in Sources */,
			);
			runOnlyForDeploymentPostprocessing = 0;
		};
		D577066B1BBAD4AF00C46F70 /* Sources */ = {
			isa = PBXSourcesBuildPhase;
			buildActionMask = 2147483647;
			files = (
				D57706761BBAD4AF00C46F70 /* iOS_MS___Tests.m in Sources */,
			);
			runOnlyForDeploymentPostprocessing = 0;
		};
/* End PBXSourcesBuildPhase section */

/* Begin PBXTargetDependency section */
		D57706711BBAD4AF00C46F70 /* PBXTargetDependency */ = {
			isa = PBXTargetDependency;
			target = D57706551BBAD4AF00C46F70 /* iOS-MS瀑布流 */;
			targetProxy = D57706701BBAD4AF00C46F70 /* PBXContainerItemProxy */;
		};
/* End PBXTargetDependency section */

/* Begin XCBuildConfiguration section */
		D57706771BBAD4AF00C46F70 /* Debug */ = {
			isa = XCBuildConfiguration;
			buildSettings = {
				ALWAYS_SEARCH_USER_PATHS = NO;
				CLANG_CXX_LANGUAGE_STANDARD = "gnu++0x";
				CLANG_CXX_LIBRARY = "libc++";
				CLANG_ENABLE_MODULES = YES;
				CLANG_ENABLE_OBJC_ARC = YES;
				CLANG_WARN_BOOL_CONVERSION = YES;
				CLANG_WARN_CONSTANT_CONVERSION = YES;
				CLANG_WARN_DIRECT_OBJC_ISA_USAGE = YES_ERROR;
				CLANG_WARN_EMPTY_BODY = YES;
				CLANG_WARN_ENUM_CONVERSION = YES;
				CLANG_WARN_INT_CONVERSION = YES;
				CLANG_WARN_OBJC_ROOT_CLASS = YES_ERROR;
				CLANG_WARN_UNREACHABLE_CODE = YES;
				CLANG_WARN__DUPLICATE_METHOD_MATCH = YES;
				"CODE_SIGN_IDENTITY[sdk=iphoneos*]" = "iPhone Developer";
				COPY_PHASE_STRIP = NO;
				DEBUG_INFORMATION_FORMAT = "dwarf-with-dsym";
				ENABLE_STRICT_OBJC_MSGSEND = YES;
				GCC_C_LANGUAGE_STANDARD = gnu99;
				GCC_DYNAMIC_NO_PIC = NO;
				GCC_NO_COMMON_BLOCKS = YES;
				GCC_OPTIMIZATION_LEVEL = 0;
				GCC_PREPROCESSOR_DEFINITIONS = (
					"DEBUG=1",
					"$(inherited)",
				);
				GCC_SYMBOLS_PRIVATE_EXTERN = NO;
				GCC_WARN_64_TO_32_BIT_CONVERSION = YES;
				GCC_WARN_ABOUT_RETURN_TYPE = YES_ERROR;
				GCC_WARN_UNDECLARED_SELECTOR = YES;
				GCC_WARN_UNINITIALIZED_AUTOS = YES_AGGRESSIVE;
				GCC_WARN_UNUSED_FUNCTION = YES;
				GCC_WARN_UNUSED_VARIABLE = YES;
				IPHONEOS_DEPLOYMENT_TARGET = 8.3;
				MTL_ENABLE_DEBUG_INFO = YES;
				ONLY_ACTIVE_ARCH = YES;
				SDKROOT = iphoneos;
			};
			name = Debug;
		};
		D57706781BBAD4AF00C46F70 /* Release */ = {
			isa = XCBuildConfiguration;
			buildSettings = {
				ALWAYS_SEARCH_USER_PATHS = NO;
				CLANG_CXX_LANGUAGE_STANDARD = "gnu++0x";
				CLANG_CXX_LIBRARY = "libc++";
				CLANG_ENABLE_MODULES = YES;
				CLANG_ENABLE_OBJC_ARC = YES;
				CLANG_WARN_BOOL_CONVERSION = YES;
				CLANG_WARN_CONSTANT_CONVERSION = YES;
				CLANG_WARN_DIRECT_OBJC_ISA_USAGE = YES_ERROR;
				CLANG_WARN_EMPTY_BODY = YES;
				CLANG_WARN_ENUM_CONVERSION = YES;
				CLANG_WARN_INT_CONVERSION = YES;
				CLANG_WARN_OBJC_ROOT_CLASS = YES_ERROR;
				CLANG_WARN_UNREACHABLE_CODE = YES;
				CLANG_WARN__DUPLICATE_METHOD_MATCH = YES;
				"CODE_SIGN_IDENTITY[sdk=iphoneos*]" = "iPhone Developer";
				COPY_PHASE_STRIP = NO;
				DEBUG_INFORMATION_FORMAT = "dwarf-with-dsym";
				ENABLE_NS_ASSERTIONS = NO;
				ENABLE_STRICT_OBJC_MSGSEND = YES;
				GCC_C_LANGUAGE_STANDARD = gnu99;
				GCC_NO_COMMON_BLOCKS = YES;
				GCC_WARN_64_TO_32_BIT_CONVERSION = YES;
				GCC_WARN_ABOUT_RETURN_TYPE = YES_ERROR;
				GCC_WARN_UNDECLARED_SELECTOR = YES;
				GCC_WARN_UNINITIALIZED_AUTOS = YES_AGGRESSIVE;
				GCC_WARN_UNUSED_FUNCTION = YES;
				GCC_WARN_UNUSED_VARIABLE = YES;
				IPHONEOS_DEPLOYMENT_TARGET = 8.3;
				MTL_ENABLE_DEBUG_INFO = NO;
				SDKROOT = iphoneos;
				VALIDATE_PRODUCT = YES;
			};
			name = Release;
		};
		D577067A1BBAD4AF00C46F70 /* Debug */ = {
			isa = XCBuildConfiguration;
			buildSettings = {
				ASSETCATALOG_COMPILER_APPICON_NAME = AppIcon;
				ASSETCATALOG_COMPILER_LAUNCHIMAGE_NAME = LaunchImage;
				GCC_PRECOMPILE_PREFIX_HEADER = YES;
				GCC_PREFIX_HEADER = "$(SRCROOT)/iOS-MS瀑布流/瀑布流-Prefix.pch";
				INFOPLIST_FILE = "iOS-MS瀑布流/Info.plist";
				LD_RUNPATH_SEARCH_PATHS = "$(inherited) @executable_path/Frameworks";
				PRODUCT_NAME = "$(TARGET_NAME)";
			};
			name = Debug;
		};
		D577067B1BBAD4AF00C46F70 /* Release */ = {
			isa = XCBuildConfiguration;
			buildSettings = {
				ASSETCATALOG_COMPILER_APPICON_NAME = AppIcon;
				ASSETCATALOG_COMPILER_LAUNCHIMAGE_NAME = LaunchImage;
				GCC_PRECOMPILE_PREFIX_HEADER = YES;
				GCC_PREFIX_HEADER = "$(SRCROOT)/iOS-MS瀑布流/瀑布流-Prefix.pch";
				INFOPLIST_FILE = "iOS-MS瀑布流/Info.plist";
				LD_RUNPATH_SEARCH_PATHS = "$(inherited) @executable_path/Frameworks";
				PRODUCT_NAME = "$(TARGET_NAME)";
			};
			name = Release;
		};
		D577067D1BBAD4AF00C46F70 /* Debug */ = {
			isa = XCBuildConfiguration;
			buildSettings = {
				BUNDLE_LOADER = "$(TEST_HOST)";
				FRAMEWORK_SEARCH_PATHS = (
					"$(SDKROOT)/Developer/Library/Frameworks",
					"$(inherited)",
				);
				GCC_PREPROCESSOR_DEFINITIONS = (
					"DEBUG=1",
					"$(inherited)",
				);
				INFOPLIST_FILE = "iOS-MS瀑布流Tests/Info.plist";
				LD_RUNPATH_SEARCH_PATHS = "$(inherited) @executable_path/Frameworks @loader_path/Frameworks";
				PRODUCT_NAME = "$(TARGET_NAME)";
				TEST_HOST = "$(BUILT_PRODUCTS_DIR)/iOS-MS瀑布流.app/iOS-MS瀑布流";
			};
			name = Debug;
		};
		D577067E1BBAD4AF00C46F70 /* Release */ = {
			isa = XCBuildConfiguration;
			buildSettings = {
				BUNDLE_LOADER = "$(TEST_HOST)";
				FRAMEWORK_SEARCH_PATHS = (
					"$(SDKROOT)/Developer/Library/Frameworks",
					"$(inherited)",
				);
				INFOPLIST_FILE = "iOS-MS瀑布流Tests/Info.plist";
				LD_RUNPATH_SEARCH_PATHS = "$(inherited) @executable_path/Frameworks @loader_path/Frameworks";
				PRODUCT_NAME = "$(TARGET_NAME)";
				TEST_HOST = "$(BUILT_PRODUCTS_DIR)/iOS-MS瀑布流.app/iOS-MS瀑布流";
			};
			name = Release;
		};
/* End XCBuildConfiguration section */

/* Begin XCConfigurationList section */
		D57706511BBAD4AF00C46F70 /* Build configuration list for PBXProject "iOS-MS瀑布流" */ = {
			isa = XCConfigurationList;
			buildConfigurations = (
				D57706771BBAD4AF00C46F70 /* Debug */,
				D57706781BBAD4AF00C46F70 /* Release */,
			);
			defaultConfigurationIsVisible = 0;
			defaultConfigurationName = Release;
		};
		D57706791BBAD4AF00C46F70 /* Build configuration list for PBXNativeTarget "iOS-MS瀑布流" */ = {
			isa = XCConfigurationList;
			buildConfigurations = (
				D577067A1BBAD4AF00C46F70 /* Debug */,
				D577067B1BBAD4AF00C46F70 /* Release */,
			);
			defaultConfigurationIsVisible = 0;
			defaultConfigurationName = Release;
		};
		D577067C1BBAD4AF00C46F70 /* Build configuration list for PBXNativeTarget "iOS-MS瀑布流Tests" */ = {
			isa = XCConfigurationList;
			buildConfigurations = (
				D577067D1BBAD4AF00C46F70 /* Debug */,
				D577067E1BBAD4AF00C46F70 /* Release */,
			);
			defaultConfigurationIsVisible = 0;
			defaultConfigurationName = Release;
		};
/* End XCConfigurationList section */
	};
	rootObject = D577064E1BBAD4AF00C46F70 /* Project object */;
}
